
Microsoft Visual Studio Solution File, Format Version 12.00
# Visual Studio Version 17
VisualStudioVersion = 17.5.33516.290
MinimumVisualStudioVersion = 10.0.40219.1
Project("{FAE04EC0-301F-11D3-BF4B-00C04F79EFBC}") = "Classes", "Classes.csproj", "{65F26F8C-0BF3-482A-A977-6A8513D57FB4}"
EndProject
Global
	GlobalSection(SolutionConfigurationPlatforms) = preSolution
		Debug|Any CPU = Debug|Any CPU
		Release|Any CPU = Release|Any CPU
	EndGlobalSection
	GlobalSection(ProjectConfigurationPlatforms) = postSolution
		{65F26F8C-0BF3-482A-A977-6A8513D57FB4}.Debug|Any CPU.ActiveCfg = Debug|Any CPU
		{65F26F8C-0BF3-482A-A977-6A8513D57FB4}.Debug|Any CPU.Build.0 = Debug|Any CPU
		{65F26F8C-0BF3-482A-A977-6A8513D57FB4}.Release|Any CPU.ActiveCfg = Release|Any CPU
		{65F26F8C-0BF3-482A-A977-6A8513D57FB4}.Release|Any CPU.Build.0 = Release|Any CPU
	EndGlobalSection
	GlobalSection(SolutionProperties) = preSolution
		HideSolutionNode = FALSE
	EndGlobalSection
	GlobalSection(ExtensibilityGlobals) = postSolution
		SolutionGuid = {480BE865-8A87-492A-A83D-0961A563386B}
	EndGlobalSection
EndGlobal
