
Microsoft Visual Studio Solution File, Format Version 12.00
# Visual Studio Version 17
VisualStudioVersion = 17.5.33516.290
MinimumVisualStudioVersion = 10.0.40219.1
Project("{FAE04EC0-301F-11D3-BF4B-00C04F79EFBC}") = "manipulação de arquivos", "manipulação de arquivos.csproj", "{EBA716E8-4C5F-4581-A79E-7C721EA6C507}"
EndProject
Global
	GlobalSection(SolutionConfigurationPlatforms) = preSolution
		Debug|Any CPU = Debug|Any CPU
		Release|Any CPU = Release|Any CPU
	EndGlobalSection
	GlobalSection(ProjectConfigurationPlatforms) = postSolution
		{EBA716E8-4C5F-4581-A79E-7C721EA6C507}.Debug|Any CPU.ActiveCfg = Debug|Any CPU
		{EBA716E8-4C5F-4581-A79E-7C721EA6C507}.Debug|Any CPU.Build.0 = Debug|Any CPU
		{EBA716E8-4C5F-4581-A79E-7C721EA6C507}.Release|Any CPU.ActiveCfg = Release|Any CPU
		{EBA716E8-4C5F-4581-A79E-7C721EA6C507}.Release|Any CPU.Build.0 = Release|Any CPU
	EndGlobalSection
	GlobalSection(SolutionProperties) = preSolution
		HideSolutionNode = FALSE
	EndGlobalSection
	GlobalSection(ExtensibilityGlobals) = postSolution
		SolutionGuid = {C9C71FC7-15C0-4D67-B5C3-BFD61629C834}
	EndGlobalSection
EndGlobal
