
Microsoft Visual Studio Solution File, Format Version 12.00
# Visual Studio Version 17
VisualStudioVersion = 17.5.33516.290
MinimumVisualStudioVersion = 10.0.40219.1
Project("{2150E333-8FDC-42A3-9474-1A3956D46DE8}") = "View", "View", "{F022DD0C-EE3E-4F19-A32B-B25DF11F3164}"
EndProject
Project("{FAE04EC0-301F-11D3-BF4B-00C04F79EFBC}") = "simulado0333", "..\simulado0333\simulado0333.csproj", "{C4774B38-8755-4775-8A89-1EF1C4CE3509}"
EndProject
Project("{2150E333-8FDC-42A3-9474-1A3956D46DE8}") = "Entity", "Entity", "{F0785A14-B95D-4D7E-98BE-F045DBBED653}"
EndProject
Project("{FAE04EC0-301F-11D3-BF4B-00C04F79EFBC}") = "Entity", "..\Entity\Entity.csproj", "{BC0F49E2-EEB7-4A53-B0CC-DCB8044C242A}"
EndProject
Global
	GlobalSection(SolutionConfigurationPlatforms) = preSolution
		Debug|Any CPU = Debug|Any CPU
		Release|Any CPU = Release|Any CPU
	EndGlobalSection
	GlobalSection(ProjectConfigurationPlatforms) = postSolution
		{C4774B38-8755-4775-8A89-1EF1C4CE3509}.Debug|Any CPU.ActiveCfg = Debug|Any CPU
		{C4774B38-8755-4775-8A89-1EF1C4CE3509}.Debug|Any CPU.Build.0 = Debug|Any CPU
		{C4774B38-8755-4775-8A89-1EF1C4CE3509}.Release|Any CPU.ActiveCfg = Release|Any CPU
		{C4774B38-8755-4775-8A89-1EF1C4CE3509}.Release|Any CPU.Build.0 = Release|Any CPU
		{BC0F49E2-EEB7-4A53-B0CC-DCB8044C242A}.Debug|Any CPU.ActiveCfg = Debug|Any CPU
		{BC0F49E2-EEB7-4A53-B0CC-DCB8044C242A}.Debug|Any CPU.Build.0 = Debug|Any CPU
		{BC0F49E2-EEB7-4A53-B0CC-DCB8044C242A}.Release|Any CPU.ActiveCfg = Release|Any CPU
		{BC0F49E2-EEB7-4A53-B0CC-DCB8044C242A}.Release|Any CPU.Build.0 = Release|Any CPU
	EndGlobalSection
	GlobalSection(SolutionProperties) = preSolution
		HideSolutionNode = FALSE
	EndGlobalSection
	GlobalSection(NestedProjects) = preSolution
		{C4774B38-8755-4775-8A89-1EF1C4CE3509} = {F022DD0C-EE3E-4F19-A32B-B25DF11F3164}
		{BC0F49E2-EEB7-4A53-B0CC-DCB8044C242A} = {F0785A14-B95D-4D7E-98BE-F045DBBED653}
	EndGlobalSection
	GlobalSection(ExtensibilityGlobals) = postSolution
		SolutionGuid = {5173526E-2D75-4AA8-86DC-C6E220F4154F}
	EndGlobalSection
EndGlobal
