
Microsoft Visual Studio Solution File, Format Version 12.00
# Visual Studio Version 17
VisualStudioVersion = 17.5.33516.290
MinimumVisualStudioVersion = 10.0.40219.1
Project("{FAE04EC0-301F-11D3-BF4B-00C04F79EFBC}") = "MeuSistema", "MeuSistema.csproj", "{A439B9E8-5050-41A8-8F54-8467F3D07F82}"
EndProject
Global
	GlobalSection(SolutionConfigurationPlatforms) = preSolution
		Debug|Any CPU = Debug|Any CPU
		Release|Any CPU = Release|Any CPU
	EndGlobalSection
	GlobalSection(ProjectConfigurationPlatforms) = postSolution
		{A439B9E8-5050-41A8-8F54-8467F3D07F82}.Debug|Any CPU.ActiveCfg = Debug|Any CPU
		{A439B9E8-5050-41A8-8F54-8467F3D07F82}.Debug|Any CPU.Build.0 = Debug|Any CPU
		{A439B9E8-5050-41A8-8F54-8467F3D07F82}.Release|Any CPU.ActiveCfg = Release|Any CPU
		{A439B9E8-5050-41A8-8F54-8467F3D07F82}.Release|Any CPU.Build.0 = Release|Any CPU
	EndGlobalSection
	GlobalSection(SolutionProperties) = preSolution
		HideSolutionNode = FALSE
	EndGlobalSection
	GlobalSection(ExtensibilityGlobals) = postSolution
		SolutionGuid = {96322D80-55A4-4CDB-8F7D-A7BB19734465}
	EndGlobalSection
EndGlobal
