
Microsoft Visual Studio Solution File, Format Version 12.00
# Visual Studio Version 17
VisualStudioVersion = 17.5.33516.290
MinimumVisualStudioVersion = 10.0.40219.1
Project("{FAE04EC0-301F-11D3-BF4B-00C04F79EFBC}") = "Simulado03 (Com consulta)", "Simulado03 (Com consulta).csproj", "{EE51610A-4278-4353-93A5-3FBEA9DFBF38}"
EndProject
Global
	GlobalSection(SolutionConfigurationPlatforms) = preSolution
		Debug|Any CPU = Debug|Any CPU
		Release|Any CPU = Release|Any CPU
	EndGlobalSection
	GlobalSection(ProjectConfigurationPlatforms) = postSolution
		{EE51610A-4278-4353-93A5-3FBEA9DFBF38}.Debug|Any CPU.ActiveCfg = Debug|Any CPU
		{EE51610A-4278-4353-93A5-3FBEA9DFBF38}.Debug|Any CPU.Build.0 = Debug|Any CPU
		{EE51610A-4278-4353-93A5-3FBEA9DFBF38}.Release|Any CPU.ActiveCfg = Release|Any CPU
		{EE51610A-4278-4353-93A5-3FBEA9DFBF38}.Release|Any CPU.Build.0 = Release|Any CPU
	EndGlobalSection
	GlobalSection(SolutionProperties) = preSolution
		HideSolutionNode = FALSE
	EndGlobalSection
	GlobalSection(ExtensibilityGlobals) = postSolution
		SolutionGuid = {5D31D48E-0124-4F1D-B754-90B84C14C932}
	EndGlobalSection
EndGlobal
