
Microsoft Visual Studio Solution File, Format Version 12.00
# Visual Studio Version 17
VisualStudioVersion = 17.5.33516.290
MinimumVisualStudioVersion = 10.0.40219.1
Project("{FAE04EC0-301F-11D3-BF4B-00C04F79EFBC}") = "Simulado02", "Simulado02.csproj", "{19EAC863-946D-43F3-88C8-E7EBE3B64B37}"
EndProject
Global
	GlobalSection(SolutionConfigurationPlatforms) = preSolution
		Debug|Any CPU = Debug|Any CPU
		Release|Any CPU = Release|Any CPU
	EndGlobalSection
	GlobalSection(ProjectConfigurationPlatforms) = postSolution
		{19EAC863-946D-43F3-88C8-E7EBE3B64B37}.Debug|Any CPU.ActiveCfg = Debug|Any CPU
		{19EAC863-946D-43F3-88C8-E7EBE3B64B37}.Debug|Any CPU.Build.0 = Debug|Any CPU
		{19EAC863-946D-43F3-88C8-E7EBE3B64B37}.Release|Any CPU.ActiveCfg = Release|Any CPU
		{19EAC863-946D-43F3-88C8-E7EBE3B64B37}.Release|Any CPU.Build.0 = Release|Any CPU
	EndGlobalSection
	GlobalSection(SolutionProperties) = preSolution
		HideSolutionNode = FALSE
	EndGlobalSection
	GlobalSection(ExtensibilityGlobals) = postSolution
		SolutionGuid = {92DDCA3E-9D47-498B-A657-DA6145CFF681}
	EndGlobalSection
EndGlobal
