
Microsoft Visual Studio Solution File, Format Version 12.00
# Visual Studio Version 17
VisualStudioVersion = 17.5.33516.290
MinimumVisualStudioVersion = 10.0.40219.1
Project("{FAE04EC0-301F-11D3-BF4B-00C04F79EFBC}") = "projetoLinq", "projetoLinq.csproj", "{25395BA6-AEA9-4E21-A11B-C3F0A5A27055}"
EndProject
Global
	GlobalSection(SolutionConfigurationPlatforms) = preSolution
		Debug|Any CPU = Debug|Any CPU
		Release|Any CPU = Release|Any CPU
	EndGlobalSection
	GlobalSection(ProjectConfigurationPlatforms) = postSolution
		{25395BA6-AEA9-4E21-A11B-C3F0A5A27055}.Debug|Any CPU.ActiveCfg = Debug|Any CPU
		{25395BA6-AEA9-4E21-A11B-C3F0A5A27055}.Debug|Any CPU.Build.0 = Debug|Any CPU
		{25395BA6-AEA9-4E21-A11B-C3F0A5A27055}.Release|Any CPU.ActiveCfg = Release|Any CPU
		{25395BA6-AEA9-4E21-A11B-C3F0A5A27055}.Release|Any CPU.Build.0 = Release|Any CPU
	EndGlobalSection
	GlobalSection(SolutionProperties) = preSolution
		HideSolutionNode = FALSE
	EndGlobalSection
	GlobalSection(ExtensibilityGlobals) = postSolution
		SolutionGuid = {56836977-AF43-46E1-B01A-E6C828ABD98F}
	EndGlobalSection
EndGlobal
